PODS:
  - NCMB (1.0.0)

DEPENDENCIES:
  - NCMB (from `https://github.com/NIFCLOUD-mbaas/ncmb_swift`)

EXTERNAL SOURCES:
  NCMB:
    :git: https://github.com/NIFCLOUD-mbaas/ncmb_swift

CHECKOUT OPTIONS:
  NCMB:
    :commit: ddb5466954b26e0ea8f6839e59e759d43261261a
    :git: https://github.com/NIFCLOUD-mbaas/ncmb_swift

SPEC CHECKSUMS:
  NCMB: e746921c4dcaafae6ac4bd4145815797dfb47a06

PODFILE CHECKSUM: 607064a90a7eadd8b653a163a1d7950400bab5a7

COCOAPODS: 1.10.0
